
Microsoft Visual Studio Solution File, Format Version 12.00
# Visual Studio Version 17
VisualStudioVersion = 17.8.34330.188
MinimumVisualStudioVersion = 10.0.40219.1
Project("{FAE04EC0-301F-11D3-BF4B-00C04F79EFBC}") = "CreatePersonAPI", "CreatePersonAPI\CreatePersonAPI.csproj", "{DF0948B3-7B18-4F57-9319-95CA0CC53327}"
EndProject
Global
	GlobalSection(SolutionConfigurationPlatforms) = preSolution
		Debug|Any CPU = Debug|Any CPU
		Release|Any CPU = Release|Any CPU
	EndGlobalSection
	GlobalSection(ProjectConfigurationPlatforms) = postSolution
		{DF0948B3-7B18-4F57-9319-95CA0CC53327}.Debug|Any CPU.ActiveCfg = Debug|Any CPU
		{DF0948B3-7B18-4F57-9319-95CA0CC53327}.Debug|Any CPU.Build.0 = Debug|Any CPU
		{DF0948B3-7B18-4F57-9319-95CA0CC53327}.Release|Any CPU.ActiveCfg = Release|Any CPU
		{DF0948B3-7B18-4F57-9319-95CA0CC53327}.Release|Any CPU.Build.0 = Release|Any CPU
	EndGlobalSection
	GlobalSection(SolutionProperties) = preSolution
		HideSolutionNode = FALSE
	EndGlobalSection
	GlobalSection(ExtensibilityGlobals) = postSolution
		SolutionGuid = {8D195EB5-5E1E-4C13-A633-299A352BD8FD}
	EndGlobalSection
EndGlobal
